{
  "requires": true,
  "lockfileVersion": 1,
  "dependencies": {
    "vue3-carousel": {
      "version": "0.1.15",
      "resolved": "https://registry.npmjs.org/vue3-carousel/-/vue3-carousel-0.1.15.tgz",
      "integrity": "sha512-u3u/uBiM1KaQ4bBfkzqjrunvxjeLHzQSZMIuB+QWScY3LH4K1wXXf25qntNg8x2K5/Yweo/NtRCJhTxl4EcbMg=="
    }
  }
}
